
Microsoft Visual Studio Solution File, Format Version 12.00
# Visual Studio Version 16
VisualStudioVersion = 16.0.30717.126
MinimumVisualStudioVersion = 10.0.40219.1
Project("{FAE04EC0-301F-11D3-BF4B-00C04F79EFBC}") = "Dsl", "Dsl\Dsl.csproj", "{6038F540-D6D4-4768-A755-3D445E88CBC2}"
EndProject
Project("{FAE04EC0-301F-11D3-BF4B-00C04F79EFBC}") = "DslPackage", "DslPackage\DslPackage.csproj", "{7630C4B1-BB40-42B6-8EF8-0496B607626B}"
EndProject
Global
	GlobalSection(SolutionConfigurationPlatforms) = preSolution
		Debug|Any CPU = Debug|Any CPU
		Release|Any CPU = Release|Any CPU
	EndGlobalSection
	GlobalSection(ProjectConfigurationPlatforms) = postSolution
		{6038F540-D6D4-4768-A755-3D445E88CBC2}.Debug|Any CPU.ActiveCfg = Debug|Any CPU
		{6038F540-D6D4-4768-A755-3D445E88CBC2}.Debug|Any CPU.Build.0 = Debug|Any CPU
		{6038F540-D6D4-4768-A755-3D445E88CBC2}.Release|Any CPU.ActiveCfg = Release|Any CPU
		{6038F540-D6D4-4768-A755-3D445E88CBC2}.Release|Any CPU.Build.0 = Release|Any CPU
		{7630C4B1-BB40-42B6-8EF8-0496B607626B}.Debug|Any CPU.ActiveCfg = Debug|Any CPU
		{7630C4B1-BB40-42B6-8EF8-0496B607626B}.Debug|Any CPU.Build.0 = Debug|Any CPU
		{7630C4B1-BB40-42B6-8EF8-0496B607626B}.Release|Any CPU.ActiveCfg = Release|Any CPU
		{7630C4B1-BB40-42B6-8EF8-0496B607626B}.Release|Any CPU.Build.0 = Release|Any CPU
	EndGlobalSection
	GlobalSection(SolutionProperties) = preSolution
		HideSolutionNode = FALSE
	EndGlobalSection
	GlobalSection(ExtensibilityGlobals) = postSolution
		SolutionGuid = {13E744B0-05ED-4246-83D4-3E5AE47DC61E}
	EndGlobalSection
EndGlobal
